Microsoft Visual Studio Solution File, Format Version 12.00
# Visual Studio Version 17
VisualStudioVersion = 17.5.2.0
MinimumVisualStudioVersion = 10.0.40219.1
Project("{FAE04EC0-301F-11D3-BF4B-00C04F79EFBC}") = "ApiDeEmpresas", "ApiDeEmpresas.csproj", "{B8D2D5E4-FDB7-0AD1-69DB-0A0B69A281B4}"
EndProject
Global
	GlobalSection(SolutionConfigurationPlatforms) = preSolution
		Debug|Any CPU = Debug|Any CPU
		Release|Any CPU = Release|Any CPU
	EndGlobalSection
	GlobalSection(ProjectConfigurationPlatforms) = postSolution
		{B8D2D5E4-FDB7-0AD1-69DB-0A0B69A281B4}.Debug|Any CPU.ActiveCfg = Debug|Any CPU
		{B8D2D5E4-FDB7-0AD1-69DB-0A0B69A281B4}.Debug|Any CPU.Build.0 = Debug|Any CPU
		{B8D2D5E4-FDB7-0AD1-69DB-0A0B69A281B4}.Release|Any CPU.ActiveCfg = Release|Any CPU
		{B8D2D5E4-FDB7-0AD1-69DB-0A0B69A281B4}.Release|Any CPU.Build.0 = Release|Any CPU
	EndGlobalSection
	GlobalSection(SolutionProperties) = preSolution
		HideSolutionNode = FALSE
	EndGlobalSection
	GlobalSection(ExtensibilityGlobals) = postSolution
		SolutionGuid = {1ACCC5DC-E7FC-499C-99C0-737279E67890}
	EndGlobalSection
EndGlobal
